
Microsoft Visual Studio Solution File, Format Version 12.00
# Visual Studio 15
VisualStudioVersion = 15.0.28307.779
MinimumVisualStudioVersion = 10.0.40219.1
Project("{8BC9CEB8-8B4A-11D0-8D11-00A0C91BC942}") = "Timer", "Timer\Timer.vcxproj", "{6BB19C46-F34E-49D9-A589-97550029E378}"
EndProject
Project("{8BC9CEB8-8B4A-11D0-8D11-00A0C91BC942}") = "WindowsApplication", "WindowsApplication\WindowsApplication.vcxproj", "{FFE07AD0-0351-4738-8D1D-A73892FEE359}"
EndProject
Project("{8BC9CEB8-8B4A-11D0-8D11-00A0C91BC942}") = "DirectXApplication", "DirectXFramework\DirectXFramework.vcxproj", "{A3BD0BCE-4057-447C-BAC2-E80B976FE9CA}"
EndProject
Project("{8BC9CEB8-8B4A-11D0-8D11-00A0C91BC942}") = "ObjFile", "ObjFile\ObjFile.vcxproj", "{C1C8D3F8-8CBE-480C-ADB5-7557B0A59FF2}"
EndProject
Project("{8BC9CEB8-8B4A-11D0-8D11-00A0C91BC942}") = "Utility", "Utility\Utility.vcxproj", "{88C2D373-C027-4C8B-9C31-A0BEB5AF1A73}"
EndProject
Project("{8BC9CEB8-8B4A-11D0-8D11-00A0C91BC942}") = "Camera", "Camera\Camera.vcxproj", "{631DBA72-E6E8-439D-AF8A-EE5520FCD1AB}"
EndProject
Project("{8BC9CEB8-8B4A-11D0-8D11-00A0C91BC942}") = "ObjFileParser", "ObjFileParser\ObjFileParser.vcxproj", "{9A6FA264-04B5-46DA-B410-0A477F7564C2}"
EndProject
Project("{8BC9CEB8-8B4A-11D0-8D11-00A0C91BC942}") = "TinyObj", "TinyObj\TinyObj.vcxproj", "{29D0D672-8EBB-4BCC-B5F8-C10005581C0B}"
EndProject
Project("{8BC9CEB8-8B4A-11D0-8D11-00A0C91BC942}") = "BSPTrees", "..\BSPTrees\BSPTrees\BSPTrees.vcxproj", "{7ED76A10-8F86-49D2-9D5A-3A298B265E3D}"
EndProject
Project("{8BC9CEB8-8B4A-11D0-8D11-00A0C91BC942}") = "Model", "Model\Model.vcxproj", "{B77C27C7-D50D-4DB8-8E7B-DFDF21EF08EC}"
EndProject
Project("{8BC9CEB8-8B4A-11D0-8D11-00A0C91BC942}") = "Line", "Line\Line.vcxproj", "{25C83087-90C5-4249-9A9A-FBC0F391F00C}"
EndProject
Project("{8BC9CEB8-8B4A-11D0-8D11-00A0C91BC942}") = "SpacePartitioning", "SpacePartitioning\SpacePartitioning.vcxproj", "{FF56782F-C8D3-4A5E-98C8-0C8AAFB67CB0}"
EndProject
Project("{8BC9CEB8-8B4A-11D0-8D11-00A0C91BC942}") = "MeshGenerator", "MeshGenerator\MeshGenerator.vcxproj", "{1B66F060-0258-4D93-B579-244C5F5087FB}"
EndProject
Project("{8BC9CEB8-8B4A-11D0-8D11-00A0C91BC942}") = "ArticulatedFigure", "ArticulatedFigure\ArticulatedFigure.vcxproj", "{15075F25-8B9A-4B95-A261-5BB75150DBF6}"
EndProject
Project("{8BC9CEB8-8B4A-11D0-8D11-00A0C91BC942}") = "GenericShader", "GenericShader\GenericShader.vcxproj", "{3BD3ACCA-7392-4A53-BAEB-5F5506D6843A}"
EndProject
Project("{8BC9CEB8-8B4A-11D0-8D11-00A0C91BC942}") = "Material", "Material\Material.vcxproj", "{737520C1-CF39-4249-8305-D5FC73F33966}"
EndProject
Global
	GlobalSection(SolutionConfigurationPlatforms) = preSolution
		Debug|x64 = Debug|x64
		Debug|x86 = Debug|x86
		Release|x64 = Release|x64
		Release|x86 = Release|x86
	EndGlobalSection
	GlobalSection(ProjectConfigurationPlatforms) = postSolution
		{6BB19C46-F34E-49D9-A589-97550029E378}.Debug|x64.ActiveCfg = Debug|x64
		{6BB19C46-F34E-49D9-A589-97550029E378}.Debug|x64.Build.0 = Debug|x64
		{6BB19C46-F34E-49D9-A589-97550029E378}.Debug|x86.ActiveCfg = Debug|Win32
		{6BB19C46-F34E-49D9-A589-97550029E378}.Debug|x86.Build.0 = Debug|Win32
		{6BB19C46-F34E-49D9-A589-97550029E378}.Release|x64.ActiveCfg = Release|x64
		{6BB19C46-F34E-49D9-A589-97550029E378}.Release|x64.Build.0 = Release|x64
		{6BB19C46-F34E-49D9-A589-97550029E378}.Release|x86.ActiveCfg = Release|Win32
		{6BB19C46-F34E-49D9-A589-97550029E378}.Release|x86.Build.0 = Release|Win32
		{FFE07AD0-0351-4738-8D1D-A73892FEE359}.Debug|x64.ActiveCfg = Debug|x64
		{FFE07AD0-0351-4738-8D1D-A73892FEE359}.Debug|x64.Build.0 = Debug|x64
		{FFE07AD0-0351-4738-8D1D-A73892FEE359}.Debug|x86.ActiveCfg = Debug|Win32
		{FFE07AD0-0351-4738-8D1D-A73892FEE359}.Debug|x86.Build.0 = Debug|Win32
		{FFE07AD0-0351-4738-8D1D-A73892FEE359}.Release|x64.ActiveCfg = Release|x64
		{FFE07AD0-0351-4738-8D1D-A73892FEE359}.Release|x64.Build.0 = Release|x64
		{FFE07AD0-0351-4738-8D1D-A73892FEE359}.Release|x86.ActiveCfg = Release|Win32
		{FFE07AD0-0351-4738-8D1D-A73892FEE359}.Release|x86.Build.0 = Release|Win32
		{A3BD0BCE-4057-447C-BAC2-E80B976FE9CA}.Debug|x64.ActiveCfg = Debug|x64
		{A3BD0BCE-4057-447C-BAC2-E80B976FE9CA}.Debug|x64.Build.0 = Debug|x64
		{A3BD0BCE-4057-447C-BAC2-E80B976FE9CA}.Debug|x86.ActiveCfg = Debug|Win32
		{A3BD0BCE-4057-447C-BAC2-E80B976FE9CA}.Debug|x86.Build.0 = Debug|Win32
		{A3BD0BCE-4057-447C-BAC2-E80B976FE9CA}.Release|x64.ActiveCfg = Release|x64
		{A3BD0BCE-4057-447C-BAC2-E80B976FE9CA}.Release|x64.Build.0 = Release|x64
		{A3BD0BCE-4057-447C-BAC2-E80B976FE9CA}.Release|x86.ActiveCfg = Release|Win32
		{A3BD0BCE-4057-447C-BAC2-E80B976FE9CA}.Release|x86.Build.0 = Release|Win32
		{C1C8D3F8-8CBE-480C-ADB5-7557B0A59FF2}.Debug|x64.ActiveCfg = Debug|x64
		{C1C8D3F8-8CBE-480C-ADB5-7557B0A59FF2}.Debug|x64.Build.0 = Debug|x64
		{C1C8D3F8-8CBE-480C-ADB5-7557B0A59FF2}.Debug|x86.ActiveCfg = Debug|Win32
		{C1C8D3F8-8CBE-480C-ADB5-7557B0A59FF2}.Debug|x86.Build.0 = Debug|Win32
		{C1C8D3F8-8CBE-480C-ADB5-7557B0A59FF2}.Release|x64.ActiveCfg = Release|x64
		{C1C8D3F8-8CBE-480C-ADB5-7557B0A59FF2}.Release|x64.Build.0 = Release|x64
		{C1C8D3F8-8CBE-480C-ADB5-7557B0A59FF2}.Release|x86.ActiveCfg = Release|Win32
		{C1C8D3F8-8CBE-480C-ADB5-7557B0A59FF2}.Release|x86.Build.0 = Release|Win32
		{88C2D373-C027-4C8B-9C31-A0BEB5AF1A73}.Debug|x64.ActiveCfg = Debug|x64
		{88C2D373-C027-4C8B-9C31-A0BEB5AF1A73}.Debug|x64.Build.0 = Debug|x64
		{88C2D373-C027-4C8B-9C31-A0BEB5AF1A73}.Debug|x86.ActiveCfg = Debug|Win32
		{88C2D373-C027-4C8B-9C31-A0BEB5AF1A73}.Debug|x86.Build.0 = Debug|Win32
		{88C2D373-C027-4C8B-9C31-A0BEB5AF1A73}.Release|x64.ActiveCfg = Release|x64
		{88C2D373-C027-4C8B-9C31-A0BEB5AF1A73}.Release|x64.Build.0 = Release|x64
		{88C2D373-C027-4C8B-9C31-A0BEB5AF1A73}.Release|x86.ActiveCfg = Release|Win32
		{88C2D373-C027-4C8B-9C31-A0BEB5AF1A73}.Release|x86.Build.0 = Release|Win32
		{631DBA72-E6E8-439D-AF8A-EE5520FCD1AB}.Debug|x64.ActiveCfg = Debug|x64
		{631DBA72-E6E8-439D-AF8A-EE5520FCD1AB}.Debug|x64.Build.0 = Debug|x64
		{631DBA72-E6E8-439D-AF8A-EE5520FCD1AB}.Debug|x86.ActiveCfg = Debug|Win32
		{631DBA72-E6E8-439D-AF8A-EE5520FCD1AB}.Debug|x86.Build.0 = Debug|Win32
		{631DBA72-E6E8-439D-AF8A-EE5520FCD1AB}.Release|x64.ActiveCfg = Release|x64
		{631DBA72-E6E8-439D-AF8A-EE5520FCD1AB}.Release|x64.Build.0 = Release|x64
		{631DBA72-E6E8-439D-AF8A-EE5520FCD1AB}.Release|x86.ActiveCfg = Release|Win32
		{631DBA72-E6E8-439D-AF8A-EE5520FCD1AB}.Release|x86.Build.0 = Release|Win32
		{9A6FA264-04B5-46DA-B410-0A477F7564C2}.Debug|x64.ActiveCfg = Debug|x64
		{9A6FA264-04B5-46DA-B410-0A477F7564C2}.Debug|x64.Build.0 = Debug|x64
		{9A6FA264-04B5-46DA-B410-0A477F7564C2}.Debug|x86.ActiveCfg = Debug|Win32
		{9A6FA264-04B5-46DA-B410-0A477F7564C2}.Debug|x86.Build.0 = Debug|Win32
		{9A6FA264-04B5-46DA-B410-0A477F7564C2}.Release|x64.ActiveCfg = Release|x64
		{9A6FA264-04B5-46DA-B410-0A477F7564C2}.Release|x64.Build.0 = Release|x64
		{9A6FA264-04B5-46DA-B410-0A477F7564C2}.Release|x86.ActiveCfg = Release|Win32
		{9A6FA264-04B5-46DA-B410-0A477F7564C2}.Release|x86.Build.0 = Release|Win32
		{29D0D672-8EBB-4BCC-B5F8-C10005581C0B}.Debug|x64.ActiveCfg = Debug|x64
		{29D0D672-8EBB-4BCC-B5F8-C10005581C0B}.Debug|x64.Build.0 = Debug|x64
		{29D0D672-8EBB-4BCC-B5F8-C10005581C0B}.Debug|x86.ActiveCfg = Debug|Win32
		{29D0D672-8EBB-4BCC-B5F8-C10005581C0B}.Debug|x86.Build.0 = Debug|Win32
		{29D0D672-8EBB-4BCC-B5F8-C10005581C0B}.Release|x64.ActiveCfg = Release|x64
		{29D0D672-8EBB-4BCC-B5F8-C10005581C0B}.Release|x64.Build.0 = Release|x64
		{29D0D672-8EBB-4BCC-B5F8-C10005581C0B}.Release|x86.ActiveCfg = Release|Win32
		{29D0D672-8EBB-4BCC-B5F8-C10005581C0B}.Release|x86.Build.0 = Release|Win32
		{7ED76A10-8F86-49D2-9D5A-3A298B265E3D}.Debug|x64.ActiveCfg = Debug|x64
		{7ED76A10-8F86-49D2-9D5A-3A298B265E3D}.Debug|x64.Build.0 = Debug|x64
		{7ED76A10-8F86-49D2-9D5A-3A298B265E3D}.Debug|x86.ActiveCfg = Debug|Win32
		{7ED76A10-8F86-49D2-9D5A-3A298B265E3D}.Debug|x86.Build.0 = Debug|Win32
		{7ED76A10-8F86-49D2-9D5A-3A298B265E3D}.Release|x64.ActiveCfg = Release|x64
		{7ED76A10-8F86-49D2-9D5A-3A298B265E3D}.Release|x64.Build.0 = Release|x64
		{7ED76A10-8F86-49D2-9D5A-3A298B265E3D}.Release|x86.ActiveCfg = Release|Win32
		{7ED76A10-8F86-49D2-9D5A-3A298B265E3D}.Release|x86.Build.0 = Release|Win32
		{B77C27C7-D50D-4DB8-8E7B-DFDF21EF08EC}.Debug|x64.ActiveCfg = Debug|x64
		{B77C27C7-D50D-4DB8-8E7B-DFDF21EF08EC}.Debug|x64.Build.0 = Debug|x64
		{B77C27C7-D50D-4DB8-8E7B-DFDF21EF08EC}.Debug|x86.ActiveCfg = Debug|Win32
		{B77C27C7-D50D-4DB8-8E7B-DFDF21EF08EC}.Debug|x86.Build.0 = Debug|Win32
		{B77C27C7-D50D-4DB8-8E7B-DFDF21EF08EC}.Release|x64.ActiveCfg = Release|x64
		{B77C27C7-D50D-4DB8-8E7B-DFDF21EF08EC}.Release|x64.Build.0 = Release|x64
		{B77C27C7-D50D-4DB8-8E7B-DFDF21EF08EC}.Release|x86.ActiveCfg = Release|Win32
		{B77C27C7-D50D-4DB8-8E7B-DFDF21EF08EC}.Release|x86.Build.0 = Release|Win32
		{25C83087-90C5-4249-9A9A-FBC0F391F00C}.Debug|x64.ActiveCfg = Debug|x64
		{25C83087-90C5-4249-9A9A-FBC0F391F00C}.Debug|x64.Build.0 = Debug|x64
		{25C83087-90C5-4249-9A9A-FBC0F391F00C}.Debug|x86.ActiveCfg = Debug|Win32
		{25C83087-90C5-4249-9A9A-FBC0F391F00C}.Debug|x86.Build.0 = Debug|Win32
		{25C83087-90C5-4249-9A9A-FBC0F391F00C}.Release|x64.ActiveCfg = Release|x64
		{25C83087-90C5-4249-9A9A-FBC0F391F00C}.Release|x64.Build.0 = Release|x64
		{25C83087-90C5-4249-9A9A-FBC0F391F00C}.Release|x86.ActiveCfg = Release|Win32
		{25C83087-90C5-4249-9A9A-FBC0F391F00C}.Release|x86.Build.0 = Release|Win32
		{FF56782F-C8D3-4A5E-98C8-0C8AAFB67CB0}.Debug|x64.ActiveCfg = Debug|x64
		{FF56782F-C8D3-4A5E-98C8-0C8AAFB67CB0}.Debug|x64.Build.0 = Debug|x64
		{FF56782F-C8D3-4A5E-98C8-0C8AAFB67CB0}.Debug|x86.ActiveCfg = Debug|Win32
		{FF56782F-C8D3-4A5E-98C8-0C8AAFB67CB0}.Debug|x86.Build.0 = Debug|Win32
		{FF56782F-C8D3-4A5E-98C8-0C8AAFB67CB0}.Release|x64.ActiveCfg = Release|x64
		{FF56782F-C8D3-4A5E-98C8-0C8AAFB67CB0}.Release|x64.Build.0 = Release|x64
		{FF56782F-C8D3-4A5E-98C8-0C8AAFB67CB0}.Release|x86.ActiveCfg = Release|Win32
		{FF56782F-C8D3-4A5E-98C8-0C8AAFB67CB0}.Release|x86.Build.0 = Release|Win32
		{1B66F060-0258-4D93-B579-244C5F5087FB}.Debug|x64.ActiveCfg = Debug|x64
		{1B66F060-0258-4D93-B579-244C5F5087FB}.Debug|x64.Build.0 = Debug|x64
		{1B66F060-0258-4D93-B579-244C5F5087FB}.Debug|x86.ActiveCfg = Debug|Win32
		{1B66F060-0258-4D93-B579-244C5F5087FB}.Debug|x86.Build.0 = Debug|Win32
		{1B66F060-0258-4D93-B579-244C5F5087FB}.Release|x64.ActiveCfg = Release|x64
		{1B66F060-0258-4D93-B579-244C5F5087FB}.Release|x64.Build.0 = Release|x64
		{1B66F060-0258-4D93-B579-244C5F5087FB}.Release|x86.ActiveCfg = Release|Win32
		{1B66F060-0258-4D93-B579-244C5F5087FB}.Release|x86.Build.0 = Release|Win32
		{15075F25-8B9A-4B95-A261-5BB75150DBF6}.Debug|x64.ActiveCfg = Debug|x64
		{15075F25-8B9A-4B95-A261-5BB75150DBF6}.Debug|x64.Build.0 = Debug|x64
		{15075F25-8B9A-4B95-A261-5BB75150DBF6}.Debug|x86.ActiveCfg = Debug|Win32
		{15075F25-8B9A-4B95-A261-5BB75150DBF6}.Debug|x86.Build.0 = Debug|Win32
		{15075F25-8B9A-4B95-A261-5BB75150DBF6}.Release|x64.ActiveCfg = Release|x64
		{15075F25-8B9A-4B95-A261-5BB75150DBF6}.Release|x64.Build.0 = Release|x64
		{15075F25-8B9A-4B95-A261-5BB75150DBF6}.Release|x86.ActiveCfg = Release|Win32
		{15075F25-8B9A-4B95-A261-5BB75150DBF6}.Release|x86.Build.0 = Release|Win32
		{3BD3ACCA-7392-4A53-BAEB-5F5506D6843A}.Debug|x64.ActiveCfg = Debug|x64
		{3BD3ACCA-7392-4A53-BAEB-5F5506D6843A}.Debug|x64.Build.0 = Debug|x64
		{3BD3ACCA-7392-4A53-BAEB-5F5506D6843A}.Debug|x86.ActiveCfg = Debug|Win32
		{3BD3ACCA-7392-4A53-BAEB-5F5506D6843A}.Debug|x86.Build.0 = Debug|Win32
		{3BD3ACCA-7392-4A53-BAEB-5F5506D6843A}.Release|x64.ActiveCfg = Release|x64
		{3BD3ACCA-7392-4A53-BAEB-5F5506D6843A}.Release|x64.Build.0 = Release|x64
		{3BD3ACCA-7392-4A53-BAEB-5F5506D6843A}.Release|x86.ActiveCfg = Release|Win32
		{3BD3ACCA-7392-4A53-BAEB-5F5506D6843A}.Release|x86.Build.0 = Release|Win32
		{737520C1-CF39-4249-8305-D5FC73F33966}.Debug|x64.ActiveCfg = Debug|x64
		{737520C1-CF39-4249-8305-D5FC73F33966}.Debug|x64.Build.0 = Debug|x64
		{737520C1-CF39-4249-8305-D5FC73F33966}.Debug|x86.ActiveCfg = Debug|Win32
		{737520C1-CF39-4249-8305-D5FC73F33966}.Debug|x86.Build.0 = Debug|Win32
		{737520C1-CF39-4249-8305-D5FC73F33966}.Release|x64.ActiveCfg = Release|x64
		{737520C1-CF39-4249-8305-D5FC73F33966}.Release|x64.Build.0 = Release|x64
		{737520C1-CF39-4249-8305-D5FC73F33966}.Release|x86.ActiveCfg = Release|Win32
		{737520C1-CF39-4249-8305-D5FC73F33966}.Release|x86.Build.0 = Release|Win32
	EndGlobalSection
	GlobalSection(SolutionProperties) = preSolution
		HideSolutionNode = FALSE
	EndGlobalSection
	GlobalSection(ExtensibilityGlobals) = postSolution
		SolutionGuid = {78B81631-2DAA-488A-BC7B-67CAB5954E0E}
	EndGlobalSection
EndGlobal
